
Microsoft Visual Studio Solution File, Format Version 12.00
# Visual Studio Version 17
VisualStudioVersion = 17.7.34202.233
MinimumVisualStudioVersion = 10.0.40219.1
Project("{FAE04EC0-301F-11D3-BF4B-00C04F79EFBC}") = "Loops practice", "Loops practice\Loops practice.csproj", "{2025E57C-0D67-4455-A8F4-7C1E01295FA1}"
EndProject
Project("{FAE04EC0-301F-11D3-BF4B-00C04F79EFBC}") = "object", "object\object.csproj", "{881B8A9B-8B77-46BC-8D36-1F627A738268}"
EndProject
Project("{FAE04EC0-301F-11D3-BF4B-00C04F79EFBC}") = "Data convert", "Data convert\Data convert.csproj", "{97107FA5-5E0B-4B15-B7C1-BE47A00EA968}"
EndProject
Project("{FAE04EC0-301F-11D3-BF4B-00C04F79EFBC}") = "pattern_Loops", "a_Loops\pattern_Loops.csproj", "{689A677F-74AD-40A7-AC3F-5A49D10AFD45}"
EndProject
Project("{FAE04EC0-301F-11D3-BF4B-00C04F79EFBC}") = "Arrary", "Arrary\Arrary.csproj", "{0A216E93-4BA4-47E7-BDFE-B7DC800BFBB3}"
EndProject
Project("{FAE04EC0-301F-11D3-BF4B-00C04F79EFBC}") = "method_1", "method_1\method_1.csproj", "{FCF6E756-A451-4F6B-9654-86924129DD3C}"
EndProject
Project("{FAE04EC0-301F-11D3-BF4B-00C04F79EFBC}") = "constuctor", "constuctor\constuctor.csproj", "{F9593B0B-C841-4ABF-9D3B-252B82BB6FA6}"
EndProject
Project("{FAE04EC0-301F-11D3-BF4B-00C04F79EFBC}") = "Condition statement", "Condition statement\Condition statement.csproj", "{BCD6B859-0038-487F-AD1E-E92B0005F626}"
EndProject
Project("{FAE04EC0-301F-11D3-BF4B-00C04F79EFBC}") = "Inheritance", "Inheritance\Inheritance.csproj", "{AEF09AC7-8196-4BB9-90FD-E8558B188001}"
EndProject
Project("{FAE04EC0-301F-11D3-BF4B-00C04F79EFBC}") = "MethodHiding", "MethodHiding\MethodHiding.csproj", "{15F05036-59D5-4B4E-B783-E46F624CC202}"
EndProject
Project("{FAE04EC0-301F-11D3-BF4B-00C04F79EFBC}") = "BankAccount", "Pactice\BankAccount.csproj", "{4D1AB5D2-80C6-49C2-815D-A46279FCAA5B}"
EndProject
Project("{FAE04EC0-301F-11D3-BF4B-00C04F79EFBC}") = "MethodOverRiding", "MethodOverRiding\MethodOverRiding.csproj", "{A5B28C77-306E-4F74-B6C4-B913E02EC6AE}"
EndProject
Project("{FAE04EC0-301F-11D3-BF4B-00C04F79EFBC}") = "methodOverRide_practice", "methodOverRide_practice\methodOverRide_practice.csproj", "{D7950180-EDAB-4C06-BDC4-32A2DCEB4F28}"
EndProject
Project("{FAE04EC0-301F-11D3-BF4B-00C04F79EFBC}") = "MethodOverLoding", "MethodOverLoding\MethodOverLoding.csproj", "{1EA8AE62-A973-44AF-9951-FDAC4419BF0A}"
EndProject
Project("{FAE04EC0-301F-11D3-BF4B-00C04F79EFBC}") = "OperatorOverLoding", "OperatorOverLoding\OperatorOverLoding.csproj", "{BF096CFE-A55C-437B-B848-1AD04C99C9C9}"
EndProject
Project("{FAE04EC0-301F-11D3-BF4B-00C04F79EFBC}") = "Practice_Condintion_Statements", "Practice_Condintion_Statements\Practice_Condintion_Statements.csproj", "{9712A09C-6464-46D8-BC7C-A49B92D0CF9A}"
EndProject
Project("{FAE04EC0-301F-11D3-BF4B-00C04F79EFBC}") = "Array Practice", "Array Practice\Array Practice.csproj", "{39FB7690-0E06-4B5C-813D-B02BA1F827F2}"
EndProject
Project("{FAE04EC0-301F-11D3-BF4B-00C04F79EFBC}") = "Abstract keyword", "Abstract keyword\Abstract keyword.csproj", "{36ABB737-480B-4F3F-ACC0-CC26EA3808B4}"
EndProject
Project("{FAE04EC0-301F-11D3-BF4B-00C04F79EFBC}") = "Sealed Keyword", "Sealed Keyword\Sealed Keyword.csproj", "{C9D47404-0BEF-4991-8DAD-C71DF6FAE164}"
EndProject
Project("{FAE04EC0-301F-11D3-BF4B-00C04F79EFBC}") = "Assigment", "Assigment\Assigment.csproj", "{80008ACB-F5F5-4745-89BB-65052C58CE0D}"
EndProject
Project("{FAE04EC0-301F-11D3-BF4B-00C04F79EFBC}") = "Interface", "interface\Interface.csproj", "{5C4C3791-1417-42CC-8ABF-806E1D2E36AD}"
EndProject
Project("{FAE04EC0-301F-11D3-BF4B-00C04F79EFBC}") = "MathLibrary", "MathLibrary\MathLibrary.csproj", "{F7A794E3-FFA9-48D9-80B6-671FF1603944}"
EndProject
Project("{FAE04EC0-301F-11D3-BF4B-00C04F79EFBC}") = "MathLibraryClint", "MathLibraryClint\MathLibraryClint.csproj", "{5388E2AA-4AE7-4319-9CF6-476B6C1F9D50}"
EndProject
Project("{FAE04EC0-301F-11D3-BF4B-00C04F79EFBC}") = "ObjectType", "ObjectVarDynamic\ObjectType.csproj", "{1271868B-3F53-4405-B27D-92B840A89DA9}"
EndProject
Project("{FAE04EC0-301F-11D3-BF4B-00C04F79EFBC}") = "abstractionEncapsulation", "abstractionEncapsulation\abstractionEncapsulation.csproj", "{A71A0F2E-46CF-40C7-9A1C-CF23FD4917FE}"
EndProject
Project("{FAE04EC0-301F-11D3-BF4B-00C04F79EFBC}") = "Property", "Property\Property.csproj", "{37483613-EE37-49D1-8ECC-DD6AFF42D383}"
EndProject
Project("{FAE04EC0-301F-11D3-BF4B-00C04F79EFBC}") = "CompanyLibrary", "CompanyLibrary\CompanyLibrary.csproj", "{8BD2F256-AB95-457D-B86F-BC4DDC86516F}"
EndProject
Project("{FAE04EC0-301F-11D3-BF4B-00C04F79EFBC}") = "CompanyLibararyClient", "CompanyLibararyClient\CompanyLibararyClient.csproj", "{9A949A63-318F-469E-93F1-F788725BEF82}"
EndProject
Project("{FAE04EC0-301F-11D3-BF4B-00C04F79EFBC}") = "ExceptionHandling", "ExceptionHandling\ExceptionHandling.csproj", "{46680283-5BC1-485D-BADE-0D0E83ADA08B}"
EndProject
Project("{FAE04EC0-301F-11D3-BF4B-00C04F79EFBC}") = "ExceptionHandling_Continued", "ExceptionHandling_Continued\ExceptionHandling_Continued.csproj", "{C925EB42-2091-4BC4-83DE-079439944A9D}"
EndProject
Project("{FAE04EC0-301F-11D3-BF4B-00C04F79EFBC}") = "PartialClass", "PartialClass\PartialClass.csproj", "{5EFBABB5-F8FA-40EE-AA8D-35E38EBB528E}"
EndProject
Project("{FAE04EC0-301F-11D3-BF4B-00C04F79EFBC}") = "Generics", "Generics\Generics.csproj", "{64BCADD1-D104-4408-B2AC-6C796BD4FF03}"
EndProject
Project("{FAE04EC0-301F-11D3-BF4B-00C04F79EFBC}") = "Enum_", "Enum\Enum_.csproj", "{25A2D72D-4E82-4FCD-B796-6DCF9BC656DF}"
EndProject
Project("{FAE04EC0-301F-11D3-BF4B-00C04F79EFBC}") = "Delegate_", "Delegate_\Delegate_.csproj", "{3438A417-6E35-485D-9C1F-1012646AE5AB}"
EndProject
Project("{FAE04EC0-301F-11D3-BF4B-00C04F79EFBC}") = "Multicast_Delegate", "Multicast_Delegate\Multicast_Delegate.csproj", "{0EA96095-3026-4C04-99AB-5918EA775518}"
EndProject
Project("{FAE04EC0-301F-11D3-BF4B-00C04F79EFBC}") = "Generic_delegate", "Generic_delegate\Generic_delegate.csproj", "{D02A7DD5-2AFA-458D-884A-FCDAF9D014B0}"
EndProject
Project("{FAE04EC0-301F-11D3-BF4B-00C04F79EFBC}") = "ConstReadonlyKeyword", "ConstReadonlyKeyword\ConstReadonlyKeyword.csproj", "{29A2231A-B9C1-4958-9532-EA91594772CA}"
EndProject
Project("{FAE04EC0-301F-11D3-BF4B-00C04F79EFBC}") = "Is_as_keywords", "Is_as_keywords\Is_as_keywords.csproj", "{7BA99FEE-E4A8-4715-98BC-CC191BA693B3}"
EndProject
Project("{FAE04EC0-301F-11D3-BF4B-00C04F79EFBC}") = "String_StringBuilder", "String_&_StringBuilder\String_StringBuilder.csproj", "{76C91D3E-001C-4780-BA94-809EE99DFA7E}"
EndProject
Project("{FAE04EC0-301F-11D3-BF4B-00C04F79EFBC}") = "LazyLoading", "LazyLoading\LazyLoading.csproj", "{54FF434D-9768-4071-9E0C-50ADBC8F9AB3}"
EndProject
Project("{FAE04EC0-301F-11D3-BF4B-00C04F79EFBC}") = "Reflection_", "Reflection\Reflection_.csproj", "{72C92738-53B4-467B-AD9F-773E69749FFF}"
EndProject
Project("{FAE04EC0-301F-11D3-BF4B-00C04F79EFBC}") = "ExtensionMethod", "ExtensionMethod\ExtensionMethod.csproj", "{504CED7C-64C5-4E4C-9D42-EFF35D0956C5}"
EndProject
Project("{FAE04EC0-301F-11D3-BF4B-00C04F79EFBC}") = "CallectionClasses_", "CallectionClasses_\CallectionClasses_.csproj", "{188E1194-00BC-44B2-AE97-12AE278230EE}"
EndProject
Project("{FAE04EC0-301F-11D3-BF4B-00C04F79EFBC}") = "Generic_Collection_Classes", "Generic_Collection_Classes\Generic_Collection_Classes.csproj", "{7CD713A7-7E18-492F-8D07-40D74AD650ED}"
EndProject
Project("{FAE04EC0-301F-11D3-BF4B-00C04F79EFBC}") = "CollectionClassWithComplexType", "CollectionClassWithComplexType\CollectionClassWithComplexType.csproj", "{A68CE9CF-AD15-4B4B-9FBE-8B0878DC4238}"
EndProject
Project("{FAE04EC0-301F-11D3-BF4B-00C04F79EFBC}") = "Tuple_", "Tuple_\Tuple_.csproj", "{CDA5C163-2FFF-418D-A858-27F6C2AB1873}"
EndProject
Project("{FAE04EC0-301F-11D3-BF4B-00C04F79EFBC}") = "Struct_", "Struct_\Struct_.csproj", "{E5F7C67E-B79D-4B9F-9EC0-FF7F569DDB42}"
EndProject
Project("{FAE04EC0-301F-11D3-BF4B-00C04F79EFBC}") = "YieldKeyword", "YieldKeyword\YieldKeyword.csproj", "{92D45BBB-3083-43C5-9A3E-0F441E9AD3D7}"
EndProject
Project("{FAE04EC0-301F-11D3-BF4B-00C04F79EFBC}") = "LambdaExpression", "LamdaExpression\LambdaExpression.csproj", "{55D8D959-1E7E-403D-A75E-25580CE3925F}"
EndProject
Project("{2150E333-8FDC-42A3-9474-1A3956D46DE8}") = "Linq", "Linq", "{0EF35581-2B47-447B-920F-84F15ADA0344}"
EndProject
Project("{FAE04EC0-301F-11D3-BF4B-00C04F79EFBC}") = "Generation_Operator", "Generation Operator\Generation_Operator.csproj", "{1EB64ED2-F4B7-4940-AFA0-87769F95FC44}"
EndProject
Project("{FAE04EC0-301F-11D3-BF4B-00C04F79EFBC}") = "GenerationOperator_2", "GenerationOperator_2\GenerationOperator_2.csproj", "{B8121A99-E879-45B1-86AF-15EAE5D686B7}"
EndProject
Project("{FAE04EC0-301F-11D3-BF4B-00C04F79EFBC}") = "Filtering_Operators", "Filtering_Operators\Filtering_Operators.csproj", "{26F38262-8AD4-44DA-B777-A35438B4D04B}"
EndProject
Project("{FAE04EC0-301F-11D3-BF4B-00C04F79EFBC}") = "Sorting_Operators", "Sorting_Operators\Sorting_Operators.csproj", "{864E6A78-A87C-4DFE-BCCC-8A038D47A948}"
EndProject
Project("{FAE04EC0-301F-11D3-BF4B-00C04F79EFBC}") = "SortMethod", "SortMethod\SortMethod.csproj", "{6D035F36-672F-4987-8331-C4F9991519AF}"
EndProject
Project("{FAE04EC0-301F-11D3-BF4B-00C04F79EFBC}") = "Projection_Operators", "Projection_Operators\Projection_Operators.csproj", "{26DEAA3C-B1F3-44A2-AB0A-4A4D0AE7B58F}"
EndProject
Project("{FAE04EC0-301F-11D3-BF4B-00C04F79EFBC}") = "Aggeegation_Operators", "Aggeegation_Operators\Aggeegation_Operators.csproj", "{8B18F582-AC96-4195-9575-51F2BF8CB316}"
EndProject
Project("{FAE04EC0-301F-11D3-BF4B-00C04F79EFBC}") = "Element_Operators", "Element_Operators\Element_Operators.csproj", "{576B80FB-8F1D-4371-846B-CB92B22983A6}"
EndProject
Project("{FAE04EC0-301F-11D3-BF4B-00C04F79EFBC}") = "Set_Operators", "Set_Operators\Set_Operators.csproj", "{85D5D3D6-992F-43AF-9F07-AEBC334A550B}"
EndProject
Project("{FAE04EC0-301F-11D3-BF4B-00C04F79EFBC}") = "Partitioning_Oprators", "Partitioning_Oprators\Partitioning_Oprators.csproj", "{16C80547-706D-4386-95A2-83A05F9F0937}"
EndProject
Project("{FAE04EC0-301F-11D3-BF4B-00C04F79EFBC}") = "Conversion_Operators", "Conversion_Operators\Conversion_Operators.csproj", "{448B7D6C-6FF2-4DCC-A3F7-C629133DC7D1}"
EndProject
Project("{FAE04EC0-301F-11D3-BF4B-00C04F79EFBC}") = "Join_Operators", "Join_Operators\Join_Operators.csproj", "{2F77C7E6-D9BE-4E7D-A912-006167029A9E}"
EndProject
Project("{FAE04EC0-301F-11D3-BF4B-00C04F79EFBC}") = "Join_Practice", "Join_Practice\Join_Practice.csproj", "{8ADB3022-809D-4BCE-A109-B91294F6B689}"
EndProject
Project("{2150E333-8FDC-42A3-9474-1A3956D46DE8}") = "dot net core", "dot net core", "{89A840DF-0871-488A-9307-FF0B7499968C}"
EndProject
Project("{9A19103F-16F7-4668-BE54-9A1E7A4F7556}") = "1 dot net6", "ConsoleApp6\1 dot net6.csproj", "{71912886-1A16-443C-B658-8AF80C3B8B25}"
EndProject
Global
	GlobalSection(SolutionConfigurationPlatforms) = preSolution
		Debug|Any CPU = Debug|Any CPU
		Release|Any CPU = Release|Any CPU
	EndGlobalSection
	GlobalSection(ProjectConfigurationPlatforms) = postSolution
		{2025E57C-0D67-4455-A8F4-7C1E01295FA1}.Debug|Any CPU.ActiveCfg = Debug|Any CPU
		{2025E57C-0D67-4455-A8F4-7C1E01295FA1}.Debug|Any CPU.Build.0 = Debug|Any CPU
		{2025E57C-0D67-4455-A8F4-7C1E01295FA1}.Release|Any CPU.ActiveCfg = Release|Any CPU
		{2025E57C-0D67-4455-A8F4-7C1E01295FA1}.Release|Any CPU.Build.0 = Release|Any CPU
		{881B8A9B-8B77-46BC-8D36-1F627A738268}.Debug|Any CPU.ActiveCfg = Debug|Any CPU
		{881B8A9B-8B77-46BC-8D36-1F627A738268}.Debug|Any CPU.Build.0 = Debug|Any CPU
		{881B8A9B-8B77-46BC-8D36-1F627A738268}.Release|Any CPU.ActiveCfg = Release|Any CPU
		{881B8A9B-8B77-46BC-8D36-1F627A738268}.Release|Any CPU.Build.0 = Release|Any CPU
		{97107FA5-5E0B-4B15-B7C1-BE47A00EA968}.Debug|Any CPU.ActiveCfg = Debug|Any CPU
		{97107FA5-5E0B-4B15-B7C1-BE47A00EA968}.Debug|Any CPU.Build.0 = Debug|Any CPU
		{97107FA5-5E0B-4B15-B7C1-BE47A00EA968}.Release|Any CPU.ActiveCfg = Release|Any CPU
		{97107FA5-5E0B-4B15-B7C1-BE47A00EA968}.Release|Any CPU.Build.0 = Release|Any CPU
		{689A677F-74AD-40A7-AC3F-5A49D10AFD45}.Debug|Any CPU.ActiveCfg = Debug|Any CPU
		{689A677F-74AD-40A7-AC3F-5A49D10AFD45}.Debug|Any CPU.Build.0 = Debug|Any CPU
		{689A677F-74AD-40A7-AC3F-5A49D10AFD45}.Release|Any CPU.ActiveCfg = Release|Any CPU
		{689A677F-74AD-40A7-AC3F-5A49D10AFD45}.Release|Any CPU.Build.0 = Release|Any CPU
		{0A216E93-4BA4-47E7-BDFE-B7DC800BFBB3}.Debug|Any CPU.ActiveCfg = Debug|Any CPU
		{0A216E93-4BA4-47E7-BDFE-B7DC800BFBB3}.Debug|Any CPU.Build.0 = Debug|Any CPU
		{0A216E93-4BA4-47E7-BDFE-B7DC800BFBB3}.Release|Any CPU.ActiveCfg = Release|Any CPU
		{0A216E93-4BA4-47E7-BDFE-B7DC800BFBB3}.Release|Any CPU.Build.0 = Release|Any CPU
		{FCF6E756-A451-4F6B-9654-86924129DD3C}.Debug|Any CPU.ActiveCfg = Debug|Any CPU
		{FCF6E756-A451-4F6B-9654-86924129DD3C}.Debug|Any CPU.Build.0 = Debug|Any CPU
		{FCF6E756-A451-4F6B-9654-86924129DD3C}.Release|Any CPU.ActiveCfg = Release|Any CPU
		{FCF6E756-A451-4F6B-9654-86924129DD3C}.Release|Any CPU.Build.0 = Release|Any CPU
		{F9593B0B-C841-4ABF-9D3B-252B82BB6FA6}.Debug|Any CPU.ActiveCfg = Debug|Any CPU
		{F9593B0B-C841-4ABF-9D3B-252B82BB6FA6}.Debug|Any CPU.Build.0 = Debug|Any CPU
		{F9593B0B-C841-4ABF-9D3B-252B82BB6FA6}.Release|Any CPU.ActiveCfg = Release|Any CPU
		{F9593B0B-C841-4ABF-9D3B-252B82BB6FA6}.Release|Any CPU.Build.0 = Release|Any CPU
		{BCD6B859-0038-487F-AD1E-E92B0005F626}.Debug|Any CPU.ActiveCfg = Debug|Any CPU
		{BCD6B859-0038-487F-AD1E-E92B0005F626}.Debug|Any CPU.Build.0 = Debug|Any CPU
		{BCD6B859-0038-487F-AD1E-E92B0005F626}.Release|Any CPU.ActiveCfg = Release|Any CPU
		{BCD6B859-0038-487F-AD1E-E92B0005F626}.Release|Any CPU.Build.0 = Release|Any CPU
		{AEF09AC7-8196-4BB9-90FD-E8558B188001}.Debug|Any CPU.ActiveCfg = Debug|Any CPU
		{AEF09AC7-8196-4BB9-90FD-E8558B188001}.Debug|Any CPU.Build.0 = Debug|Any CPU
		{AEF09AC7-8196-4BB9-90FD-E8558B188001}.Release|Any CPU.ActiveCfg = Release|Any CPU
		{AEF09AC7-8196-4BB9-90FD-E8558B188001}.Release|Any CPU.Build.0 = Release|Any CPU
		{15F05036-59D5-4B4E-B783-E46F624CC202}.Debug|Any CPU.ActiveCfg = Debug|Any CPU
		{15F05036-59D5-4B4E-B783-E46F624CC202}.Debug|Any CPU.Build.0 = Debug|Any CPU
		{15F05036-59D5-4B4E-B783-E46F624CC202}.Release|Any CPU.ActiveCfg = Release|Any CPU
		{15F05036-59D5-4B4E-B783-E46F624CC202}.Release|Any CPU.Build.0 = Release|Any CPU
		{4D1AB5D2-80C6-49C2-815D-A46279FCAA5B}.Debug|Any CPU.ActiveCfg = Debug|Any CPU
		{4D1AB5D2-80C6-49C2-815D-A46279FCAA5B}.Debug|Any CPU.Build.0 = Debug|Any CPU
		{4D1AB5D2-80C6-49C2-815D-A46279FCAA5B}.Release|Any CPU.ActiveCfg = Release|Any CPU
		{4D1AB5D2-80C6-49C2-815D-A46279FCAA5B}.Release|Any CPU.Build.0 = Release|Any CPU
		{A5B28C77-306E-4F74-B6C4-B913E02EC6AE}.Debug|Any CPU.ActiveCfg = Debug|Any CPU
		{A5B28C77-306E-4F74-B6C4-B913E02EC6AE}.Debug|Any CPU.Build.0 = Debug|Any CPU
		{A5B28C77-306E-4F74-B6C4-B913E02EC6AE}.Release|Any CPU.ActiveCfg = Release|Any CPU
		{A5B28C77-306E-4F74-B6C4-B913E02EC6AE}.Release|Any CPU.Build.0 = Release|Any CPU
		{D7950180-EDAB-4C06-BDC4-32A2DCEB4F28}.Debug|Any CPU.ActiveCfg = Debug|Any CPU
		{D7950180-EDAB-4C06-BDC4-32A2DCEB4F28}.Debug|Any CPU.Build.0 = Debug|Any CPU
		{D7950180-EDAB-4C06-BDC4-32A2DCEB4F28}.Release|Any CPU.ActiveCfg = Release|Any CPU
		{D7950180-EDAB-4C06-BDC4-32A2DCEB4F28}.Release|Any CPU.Build.0 = Release|Any CPU
		{1EA8AE62-A973-44AF-9951-FDAC4419BF0A}.Debug|Any CPU.ActiveCfg = Debug|Any CPU
		{1EA8AE62-A973-44AF-9951-FDAC4419BF0A}.Debug|Any CPU.Build.0 = Debug|Any CPU
		{1EA8AE62-A973-44AF-9951-FDAC4419BF0A}.Release|Any CPU.ActiveCfg = Release|Any CPU
		{1EA8AE62-A973-44AF-9951-FDAC4419BF0A}.Release|Any CPU.Build.0 = Release|Any CPU
		{BF096CFE-A55C-437B-B848-1AD04C99C9C9}.Debug|Any CPU.ActiveCfg = Debug|Any CPU
		{BF096CFE-A55C-437B-B848-1AD04C99C9C9}.Debug|Any CPU.Build.0 = Debug|Any CPU
		{BF096CFE-A55C-437B-B848-1AD04C99C9C9}.Release|Any CPU.ActiveCfg = Release|Any CPU
		{BF096CFE-A55C-437B-B848-1AD04C99C9C9}.Release|Any CPU.Build.0 = Release|Any CPU
		{9712A09C-6464-46D8-BC7C-A49B92D0CF9A}.Debug|Any CPU.ActiveCfg = Debug|Any CPU
		{9712A09C-6464-46D8-BC7C-A49B92D0CF9A}.Debug|Any CPU.Build.0 = Debug|Any CPU
		{9712A09C-6464-46D8-BC7C-A49B92D0CF9A}.Release|Any CPU.ActiveCfg = Release|Any CPU
		{9712A09C-6464-46D8-BC7C-A49B92D0CF9A}.Release|Any CPU.Build.0 = Release|Any CPU
		{39FB7690-0E06-4B5C-813D-B02BA1F827F2}.Debug|Any CPU.ActiveCfg = Debug|Any CPU
		{39FB7690-0E06-4B5C-813D-B02BA1F827F2}.Debug|Any CPU.Build.0 = Debug|Any CPU
		{39FB7690-0E06-4B5C-813D-B02BA1F827F2}.Release|Any CPU.ActiveCfg = Release|Any CPU
		{39FB7690-0E06-4B5C-813D-B02BA1F827F2}.Release|Any CPU.Build.0 = Release|Any CPU
		{36ABB737-480B-4F3F-ACC0-CC26EA3808B4}.Debug|Any CPU.ActiveCfg = Debug|Any CPU
		{36ABB737-480B-4F3F-ACC0-CC26EA3808B4}.Debug|Any CPU.Build.0 = Debug|Any CPU
		{36ABB737-480B-4F3F-ACC0-CC26EA3808B4}.Release|Any CPU.ActiveCfg = Release|Any CPU
		{36ABB737-480B-4F3F-ACC0-CC26EA3808B4}.Release|Any CPU.Build.0 = Release|Any CPU
		{C9D47404-0BEF-4991-8DAD-C71DF6FAE164}.Debug|Any CPU.ActiveCfg = Debug|Any CPU
		{C9D47404-0BEF-4991-8DAD-C71DF6FAE164}.Debug|Any CPU.Build.0 = Debug|Any CPU
		{C9D47404-0BEF-4991-8DAD-C71DF6FAE164}.Release|Any CPU.ActiveCfg = Release|Any CPU
		{C9D47404-0BEF-4991-8DAD-C71DF6FAE164}.Release|Any CPU.Build.0 = Release|Any CPU
		{80008ACB-F5F5-4745-89BB-65052C58CE0D}.Debug|Any CPU.ActiveCfg = Debug|Any CPU
		{80008ACB-F5F5-4745-89BB-65052C58CE0D}.Debug|Any CPU.Build.0 = Debug|Any CPU
		{80008ACB-F5F5-4745-89BB-65052C58CE0D}.Release|Any CPU.ActiveCfg = Release|Any CPU
		{80008ACB-F5F5-4745-89BB-65052C58CE0D}.Release|Any CPU.Build.0 = Release|Any CPU
		{5C4C3791-1417-42CC-8ABF-806E1D2E36AD}.Debug|Any CPU.ActiveCfg = Debug|Any CPU
		{5C4C3791-1417-42CC-8ABF-806E1D2E36AD}.Debug|Any CPU.Build.0 = Debug|Any CPU
		{5C4C3791-1417-42CC-8ABF-806E1D2E36AD}.Release|Any CPU.ActiveCfg = Release|Any CPU
		{5C4C3791-1417-42CC-8ABF-806E1D2E36AD}.Release|Any CPU.Build.0 = Release|Any CPU
		{F7A794E3-FFA9-48D9-80B6-671FF1603944}.Debug|Any CPU.ActiveCfg = Debug|Any CPU
		{F7A794E3-FFA9-48D9-80B6-671FF1603944}.Debug|Any CPU.Build.0 = Debug|Any CPU
		{F7A794E3-FFA9-48D9-80B6-671FF1603944}.Release|Any CPU.ActiveCfg = Release|Any CPU
		{F7A794E3-FFA9-48D9-80B6-671FF1603944}.Release|Any CPU.Build.0 = Release|Any CPU
		{5388E2AA-4AE7-4319-9CF6-476B6C1F9D50}.Debug|Any CPU.ActiveCfg = Debug|Any CPU
		{5388E2AA-4AE7-4319-9CF6-476B6C1F9D50}.Debug|Any CPU.Build.0 = Debug|Any CPU
		{5388E2AA-4AE7-4319-9CF6-476B6C1F9D50}.Release|Any CPU.ActiveCfg = Release|Any CPU
		{5388E2AA-4AE7-4319-9CF6-476B6C1F9D50}.Release|Any CPU.Build.0 = Release|Any CPU
		{1271868B-3F53-4405-B27D-92B840A89DA9}.Debug|Any CPU.ActiveCfg = Debug|Any CPU
		{1271868B-3F53-4405-B27D-92B840A89DA9}.Debug|Any CPU.Build.0 = Debug|Any CPU
		{1271868B-3F53-4405-B27D-92B840A89DA9}.Release|Any CPU.ActiveCfg = Release|Any CPU
		{1271868B-3F53-4405-B27D-92B840A89DA9}.Release|Any CPU.Build.0 = Release|Any CPU
		{A71A0F2E-46CF-40C7-9A1C-CF23FD4917FE}.Debug|Any CPU.ActiveCfg = Debug|Any CPU
		{A71A0F2E-46CF-40C7-9A1C-CF23FD4917FE}.Debug|Any CPU.Build.0 = Debug|Any CPU
		{A71A0F2E-46CF-40C7-9A1C-CF23FD4917FE}.Release|Any CPU.ActiveCfg = Release|Any CPU
		{A71A0F2E-46CF-40C7-9A1C-CF23FD4917FE}.Release|Any CPU.Build.0 = Release|Any CPU
		{37483613-EE37-49D1-8ECC-DD6AFF42D383}.Debug|Any CPU.ActiveCfg = Debug|Any CPU
		{37483613-EE37-49D1-8ECC-DD6AFF42D383}.Debug|Any CPU.Build.0 = Debug|Any CPU
		{37483613-EE37-49D1-8ECC-DD6AFF42D383}.Release|Any CPU.ActiveCfg = Release|Any CPU
		{37483613-EE37-49D1-8ECC-DD6AFF42D383}.Release|Any CPU.Build.0 = Release|Any CPU
		{8BD2F256-AB95-457D-B86F-BC4DDC86516F}.Debug|Any CPU.ActiveCfg = Debug|Any CPU
		{8BD2F256-AB95-457D-B86F-BC4DDC86516F}.Debug|Any CPU.Build.0 = Debug|Any CPU
		{8BD2F256-AB95-457D-B86F-BC4DDC86516F}.Release|Any CPU.ActiveCfg = Release|Any CPU
		{8BD2F256-AB95-457D-B86F-BC4DDC86516F}.Release|Any CPU.Build.0 = Release|Any CPU
		{9A949A63-318F-469E-93F1-F788725BEF82}.Debug|Any CPU.ActiveCfg = Debug|Any CPU
		{9A949A63-318F-469E-93F1-F788725BEF82}.Debug|Any CPU.Build.0 = Debug|Any CPU
		{9A949A63-318F-469E-93F1-F788725BEF82}.Release|Any CPU.ActiveCfg = Release|Any CPU
		{9A949A63-318F-469E-93F1-F788725BEF82}.Release|Any CPU.Build.0 = Release|Any CPU
		{46680283-5BC1-485D-BADE-0D0E83ADA08B}.Debug|Any CPU.ActiveCfg = Debug|Any CPU
		{46680283-5BC1-485D-BADE-0D0E83ADA08B}.Debug|Any CPU.Build.0 = Debug|Any CPU
		{46680283-5BC1-485D-BADE-0D0E83ADA08B}.Release|Any CPU.ActiveCfg = Release|Any CPU
		{46680283-5BC1-485D-BADE-0D0E83ADA08B}.Release|Any CPU.Build.0 = Release|Any CPU
		{C925EB42-2091-4BC4-83DE-079439944A9D}.Debug|Any CPU.ActiveCfg = Debug|Any CPU
		{C925EB42-2091-4BC4-83DE-079439944A9D}.Debug|Any CPU.Build.0 = Debug|Any CPU
		{C925EB42-2091-4BC4-83DE-079439944A9D}.Release|Any CPU.ActiveCfg = Release|Any CPU
		{C925EB42-2091-4BC4-83DE-079439944A9D}.Release|Any CPU.Build.0 = Release|Any CPU
		{5EFBABB5-F8FA-40EE-AA8D-35E38EBB528E}.Debug|Any CPU.ActiveCfg = Debug|Any CPU
		{5EFBABB5-F8FA-40EE-AA8D-35E38EBB528E}.Debug|Any CPU.Build.0 = Debug|Any CPU
		{5EFBABB5-F8FA-40EE-AA8D-35E38EBB528E}.Release|Any CPU.ActiveCfg = Release|Any CPU
		{5EFBABB5-F8FA-40EE-AA8D-35E38EBB528E}.Release|Any CPU.Build.0 = Release|Any CPU
		{64BCADD1-D104-4408-B2AC-6C796BD4FF03}.Debug|Any CPU.ActiveCfg = Debug|Any CPU
		{64BCADD1-D104-4408-B2AC-6C796BD4FF03}.Debug|Any CPU.Build.0 = Debug|Any CPU
		{64BCADD1-D104-4408-B2AC-6C796BD4FF03}.Release|Any CPU.ActiveCfg = Release|Any CPU
		{64BCADD1-D104-4408-B2AC-6C796BD4FF03}.Release|Any CPU.Build.0 = Release|Any CPU
		{25A2D72D-4E82-4FCD-B796-6DCF9BC656DF}.Debug|Any CPU.ActiveCfg = Debug|Any CPU
		{25A2D72D-4E82-4FCD-B796-6DCF9BC656DF}.Debug|Any CPU.Build.0 = Debug|Any CPU
		{25A2D72D-4E82-4FCD-B796-6DCF9BC656DF}.Release|Any CPU.ActiveCfg = Release|Any CPU
		{25A2D72D-4E82-4FCD-B796-6DCF9BC656DF}.Release|Any CPU.Build.0 = Release|Any CPU
		{3438A417-6E35-485D-9C1F-1012646AE5AB}.Debug|Any CPU.ActiveCfg = Debug|Any CPU
		{3438A417-6E35-485D-9C1F-1012646AE5AB}.Debug|Any CPU.Build.0 = Debug|Any CPU
		{3438A417-6E35-485D-9C1F-1012646AE5AB}.Release|Any CPU.ActiveCfg = Release|Any CPU
		{3438A417-6E35-485D-9C1F-1012646AE5AB}.Release|Any CPU.Build.0 = Release|Any CPU
		{0EA96095-3026-4C04-99AB-5918EA775518}.Debug|Any CPU.ActiveCfg = Debug|Any CPU
		{0EA96095-3026-4C04-99AB-5918EA775518}.Debug|Any CPU.Build.0 = Debug|Any CPU
		{0EA96095-3026-4C04-99AB-5918EA775518}.Release|Any CPU.ActiveCfg = Release|Any CPU
		{0EA96095-3026-4C04-99AB-5918EA775518}.Release|Any CPU.Build.0 = Release|Any CPU
		{D02A7DD5-2AFA-458D-884A-FCDAF9D014B0}.Debug|Any CPU.ActiveCfg = Debug|Any CPU
		{D02A7DD5-2AFA-458D-884A-FCDAF9D014B0}.Debug|Any CPU.Build.0 = Debug|Any CPU
		{D02A7DD5-2AFA-458D-884A-FCDAF9D014B0}.Release|Any CPU.ActiveCfg = Release|Any CPU
		{D02A7DD5-2AFA-458D-884A-FCDAF9D014B0}.Release|Any CPU.Build.0 = Release|Any CPU
		{29A2231A-B9C1-4958-9532-EA91594772CA}.Debug|Any CPU.ActiveCfg = Debug|Any CPU
		{29A2231A-B9C1-4958-9532-EA91594772CA}.Debug|Any CPU.Build.0 = Debug|Any CPU
		{29A2231A-B9C1-4958-9532-EA91594772CA}.Release|Any CPU.ActiveCfg = Release|Any CPU
		{29A2231A-B9C1-4958-9532-EA91594772CA}.Release|Any CPU.Build.0 = Release|Any CPU
		{7BA99FEE-E4A8-4715-98BC-CC191BA693B3}.Debug|Any CPU.ActiveCfg = Debug|Any CPU
		{7BA99FEE-E4A8-4715-98BC-CC191BA693B3}.Debug|Any CPU.Build.0 = Debug|Any CPU
		{7BA99FEE-E4A8-4715-98BC-CC191BA693B3}.Release|Any CPU.ActiveCfg = Release|Any CPU
		{7BA99FEE-E4A8-4715-98BC-CC191BA693B3}.Release|Any CPU.Build.0 = Release|Any CPU
		{76C91D3E-001C-4780-BA94-809EE99DFA7E}.Debug|Any CPU.ActiveCfg = Debug|Any CPU
		{76C91D3E-001C-4780-BA94-809EE99DFA7E}.Debug|Any CPU.Build.0 = Debug|Any CPU
		{76C91D3E-001C-4780-BA94-809EE99DFA7E}.Release|Any CPU.ActiveCfg = Release|Any CPU
		{76C91D3E-001C-4780-BA94-809EE99DFA7E}.Release|Any CPU.Build.0 = Release|Any CPU
		{54FF434D-9768-4071-9E0C-50ADBC8F9AB3}.Debug|Any CPU.ActiveCfg = Debug|Any CPU
		{54FF434D-9768-4071-9E0C-50ADBC8F9AB3}.Debug|Any CPU.Build.0 = Debug|Any CPU
		{54FF434D-9768-4071-9E0C-50ADBC8F9AB3}.Release|Any CPU.ActiveCfg = Release|Any CPU
		{54FF434D-9768-4071-9E0C-50ADBC8F9AB3}.Release|Any CPU.Build.0 = Release|Any CPU
		{72C92738-53B4-467B-AD9F-773E69749FFF}.Debug|Any CPU.ActiveCfg = Debug|Any CPU
		{72C92738-53B4-467B-AD9F-773E69749FFF}.Debug|Any CPU.Build.0 = Debug|Any CPU
		{72C92738-53B4-467B-AD9F-773E69749FFF}.Release|Any CPU.ActiveCfg = Release|Any CPU
		{72C92738-53B4-467B-AD9F-773E69749FFF}.Release|Any CPU.Build.0 = Release|Any CPU
		{504CED7C-64C5-4E4C-9D42-EFF35D0956C5}.Debug|Any CPU.ActiveCfg = Debug|Any CPU
		{504CED7C-64C5-4E4C-9D42-EFF35D0956C5}.Debug|Any CPU.Build.0 = Debug|Any CPU
		{504CED7C-64C5-4E4C-9D42-EFF35D0956C5}.Release|Any CPU.ActiveCfg = Release|Any CPU
		{504CED7C-64C5-4E4C-9D42-EFF35D0956C5}.Release|Any CPU.Build.0 = Release|Any CPU
		{188E1194-00BC-44B2-AE97-12AE278230EE}.Debug|Any CPU.ActiveCfg = Debug|Any CPU
		{188E1194-00BC-44B2-AE97-12AE278230EE}.Debug|Any CPU.Build.0 = Debug|Any CPU
		{188E1194-00BC-44B2-AE97-12AE278230EE}.Release|Any CPU.ActiveCfg = Release|Any CPU
		{188E1194-00BC-44B2-AE97-12AE278230EE}.Release|Any CPU.Build.0 = Release|Any CPU
		{7CD713A7-7E18-492F-8D07-40D74AD650ED}.Debug|Any CPU.ActiveCfg = Debug|Any CPU
		{7CD713A7-7E18-492F-8D07-40D74AD650ED}.Debug|Any CPU.Build.0 = Debug|Any CPU
		{7CD713A7-7E18-492F-8D07-40D74AD650ED}.Release|Any CPU.ActiveCfg = Release|Any CPU
		{7CD713A7-7E18-492F-8D07-40D74AD650ED}.Release|Any CPU.Build.0 = Release|Any CPU
		{A68CE9CF-AD15-4B4B-9FBE-8B0878DC4238}.Debug|Any CPU.ActiveCfg = Debug|Any CPU
		{A68CE9CF-AD15-4B4B-9FBE-8B0878DC4238}.Debug|Any CPU.Build.0 = Debug|Any CPU
		{A68CE9CF-AD15-4B4B-9FBE-8B0878DC4238}.Release|Any CPU.ActiveCfg = Release|Any CPU
		{A68CE9CF-AD15-4B4B-9FBE-8B0878DC4238}.Release|Any CPU.Build.0 = Release|Any CPU
		{CDA5C163-2FFF-418D-A858-27F6C2AB1873}.Debug|Any CPU.ActiveCfg = Debug|Any CPU
		{CDA5C163-2FFF-418D-A858-27F6C2AB1873}.Debug|Any CPU.Build.0 = Debug|Any CPU
		{CDA5C163-2FFF-418D-A858-27F6C2AB1873}.Release|Any CPU.ActiveCfg = Release|Any CPU
		{CDA5C163-2FFF-418D-A858-27F6C2AB1873}.Release|Any CPU.Build.0 = Release|Any CPU
		{E5F7C67E-B79D-4B9F-9EC0-FF7F569DDB42}.Debug|Any CPU.ActiveCfg = Debug|Any CPU
		{E5F7C67E-B79D-4B9F-9EC0-FF7F569DDB42}.Debug|Any CPU.Build.0 = Debug|Any CPU
		{E5F7C67E-B79D-4B9F-9EC0-FF7F569DDB42}.Release|Any CPU.ActiveCfg = Release|Any CPU
		{E5F7C67E-B79D-4B9F-9EC0-FF7F569DDB42}.Release|Any CPU.Build.0 = Release|Any CPU
		{92D45BBB-3083-43C5-9A3E-0F441E9AD3D7}.Debug|Any CPU.ActiveCfg = Debug|Any CPU
		{92D45BBB-3083-43C5-9A3E-0F441E9AD3D7}.Debug|Any CPU.Build.0 = Debug|Any CPU
		{92D45BBB-3083-43C5-9A3E-0F441E9AD3D7}.Release|Any CPU.ActiveCfg = Release|Any CPU
		{92D45BBB-3083-43C5-9A3E-0F441E9AD3D7}.Release|Any CPU.Build.0 = Release|Any CPU
		{55D8D959-1E7E-403D-A75E-25580CE3925F}.Debug|Any CPU.ActiveCfg = Debug|Any CPU
		{55D8D959-1E7E-403D-A75E-25580CE3925F}.Debug|Any CPU.Build.0 = Debug|Any CPU
		{55D8D959-1E7E-403D-A75E-25580CE3925F}.Release|Any CPU.ActiveCfg = Release|Any CPU
		{55D8D959-1E7E-403D-A75E-25580CE3925F}.Release|Any CPU.Build.0 = Release|Any CPU
		{1EB64ED2-F4B7-4940-AFA0-87769F95FC44}.Debug|Any CPU.ActiveCfg = Debug|Any CPU
		{1EB64ED2-F4B7-4940-AFA0-87769F95FC44}.Debug|Any CPU.Build.0 = Debug|Any CPU
		{1EB64ED2-F4B7-4940-AFA0-87769F95FC44}.Release|Any CPU.ActiveCfg = Release|Any CPU
		{1EB64ED2-F4B7-4940-AFA0-87769F95FC44}.Release|Any CPU.Build.0 = Release|Any CPU
		{B8121A99-E879-45B1-86AF-15EAE5D686B7}.Debug|Any CPU.ActiveCfg = Debug|Any CPU
		{B8121A99-E879-45B1-86AF-15EAE5D686B7}.Debug|Any CPU.Build.0 = Debug|Any CPU
		{B8121A99-E879-45B1-86AF-15EAE5D686B7}.Release|Any CPU.ActiveCfg = Release|Any CPU
		{B8121A99-E879-45B1-86AF-15EAE5D686B7}.Release|Any CPU.Build.0 = Release|Any CPU
		{26F38262-8AD4-44DA-B777-A35438B4D04B}.Debug|Any CPU.ActiveCfg = Debug|Any CPU
		{26F38262-8AD4-44DA-B777-A35438B4D04B}.Debug|Any CPU.Build.0 = Debug|Any CPU
		{26F38262-8AD4-44DA-B777-A35438B4D04B}.Release|Any CPU.ActiveCfg = Release|Any CPU
		{26F38262-8AD4-44DA-B777-A35438B4D04B}.Release|Any CPU.Build.0 = Release|Any CPU
		{864E6A78-A87C-4DFE-BCCC-8A038D47A948}.Debug|Any CPU.ActiveCfg = Debug|Any CPU
		{864E6A78-A87C-4DFE-BCCC-8A038D47A948}.Debug|Any CPU.Build.0 = Debug|Any CPU
		{864E6A78-A87C-4DFE-BCCC-8A038D47A948}.Release|Any CPU.ActiveCfg = Release|Any CPU
		{864E6A78-A87C-4DFE-BCCC-8A038D47A948}.Release|Any CPU.Build.0 = Release|Any CPU
		{6D035F36-672F-4987-8331-C4F9991519AF}.Debug|Any CPU.ActiveCfg = Debug|Any CPU
		{6D035F36-672F-4987-8331-C4F9991519AF}.Debug|Any CPU.Build.0 = Debug|Any CPU
		{6D035F36-672F-4987-8331-C4F9991519AF}.Release|Any CPU.ActiveCfg = Release|Any CPU
		{6D035F36-672F-4987-8331-C4F9991519AF}.Release|Any CPU.Build.0 = Release|Any CPU
		{26DEAA3C-B1F3-44A2-AB0A-4A4D0AE7B58F}.Debug|Any CPU.ActiveCfg = Debug|Any CPU
		{26DEAA3C-B1F3-44A2-AB0A-4A4D0AE7B58F}.Debug|Any CPU.Build.0 = Debug|Any CPU
		{26DEAA3C-B1F3-44A2-AB0A-4A4D0AE7B58F}.Release|Any CPU.ActiveCfg = Release|Any CPU
		{26DEAA3C-B1F3-44A2-AB0A-4A4D0AE7B58F}.Release|Any CPU.Build.0 = Release|Any CPU
		{8B18F582-AC96-4195-9575-51F2BF8CB316}.Debug|Any CPU.ActiveCfg = Debug|Any CPU
		{8B18F582-AC96-4195-9575-51F2BF8CB316}.Debug|Any CPU.Build.0 = Debug|Any CPU
		{8B18F582-AC96-4195-9575-51F2BF8CB316}.Release|Any CPU.ActiveCfg = Release|Any CPU
		{8B18F582-AC96-4195-9575-51F2BF8CB316}.Release|Any CPU.Build.0 = Release|Any CPU
		{576B80FB-8F1D-4371-846B-CB92B22983A6}.Debug|Any CPU.ActiveCfg = Debug|Any CPU
		{576B80FB-8F1D-4371-846B-CB92B22983A6}.Debug|Any CPU.Build.0 = Debug|Any CPU
		{576B80FB-8F1D-4371-846B-CB92B22983A6}.Release|Any CPU.ActiveCfg = Release|Any CPU
		{576B80FB-8F1D-4371-846B-CB92B22983A6}.Release|Any CPU.Build.0 = Release|Any CPU
		{85D5D3D6-992F-43AF-9F07-AEBC334A550B}.Debug|Any CPU.ActiveCfg = Debug|Any CPU
		{85D5D3D6-992F-43AF-9F07-AEBC334A550B}.Debug|Any CPU.Build.0 = Debug|Any CPU
		{85D5D3D6-992F-43AF-9F07-AEBC334A550B}.Release|Any CPU.ActiveCfg = Release|Any CPU
		{85D5D3D6-992F-43AF-9F07-AEBC334A550B}.Release|Any CPU.Build.0 = Release|Any CPU
		{16C80547-706D-4386-95A2-83A05F9F0937}.Debug|Any CPU.ActiveCfg = Debug|Any CPU
		{16C80547-706D-4386-95A2-83A05F9F0937}.Debug|Any CPU.Build.0 = Debug|Any CPU
		{16C80547-706D-4386-95A2-83A05F9F0937}.Release|Any CPU.ActiveCfg = Release|Any CPU
		{16C80547-706D-4386-95A2-83A05F9F0937}.Release|Any CPU.Build.0 = Release|Any CPU
		{448B7D6C-6FF2-4DCC-A3F7-C629133DC7D1}.Debug|Any CPU.ActiveCfg = Debug|Any CPU
		{448B7D6C-6FF2-4DCC-A3F7-C629133DC7D1}.Debug|Any CPU.Build.0 = Debug|Any CPU
		{448B7D6C-6FF2-4DCC-A3F7-C629133DC7D1}.Release|Any CPU.ActiveCfg = Release|Any CPU
		{448B7D6C-6FF2-4DCC-A3F7-C629133DC7D1}.Release|Any CPU.Build.0 = Release|Any CPU
		{2F77C7E6-D9BE-4E7D-A912-006167029A9E}.Debug|Any CPU.ActiveCfg = Debug|Any CPU
		{2F77C7E6-D9BE-4E7D-A912-006167029A9E}.Debug|Any CPU.Build.0 = Debug|Any CPU
		{2F77C7E6-D9BE-4E7D-A912-006167029A9E}.Release|Any CPU.ActiveCfg = Release|Any CPU
		{2F77C7E6-D9BE-4E7D-A912-006167029A9E}.Release|Any CPU.Build.0 = Release|Any CPU
		{8ADB3022-809D-4BCE-A109-B91294F6B689}.Debug|Any CPU.ActiveCfg = Debug|Any CPU
		{8ADB3022-809D-4BCE-A109-B91294F6B689}.Debug|Any CPU.Build.0 = Debug|Any CPU
		{8ADB3022-809D-4BCE-A109-B91294F6B689}.Release|Any CPU.ActiveCfg = Release|Any CPU
		{8ADB3022-809D-4BCE-A109-B91294F6B689}.Release|Any CPU.Build.0 = Release|Any CPU
		{71912886-1A16-443C-B658-8AF80C3B8B25}.Debug|Any CPU.ActiveCfg = Debug|Any CPU
		{71912886-1A16-443C-B658-8AF80C3B8B25}.Debug|Any CPU.Build.0 = Debug|Any CPU
		{71912886-1A16-443C-B658-8AF80C3B8B25}.Release|Any CPU.ActiveCfg = Release|Any CPU
		{71912886-1A16-443C-B658-8AF80C3B8B25}.Release|Any CPU.Build.0 = Release|Any CPU
	EndGlobalSection
	GlobalSection(SolutionProperties) = preSolution
		HideSolutionNode = FALSE
	EndGlobalSection
	GlobalSection(NestedProjects) = preSolution
		{1EB64ED2-F4B7-4940-AFA0-87769F95FC44} = {0EF35581-2B47-447B-920F-84F15ADA0344}
		{B8121A99-E879-45B1-86AF-15EAE5D686B7} = {0EF35581-2B47-447B-920F-84F15ADA0344}
		{26F38262-8AD4-44DA-B777-A35438B4D04B} = {0EF35581-2B47-447B-920F-84F15ADA0344}
		{864E6A78-A87C-4DFE-BCCC-8A038D47A948} = {0EF35581-2B47-447B-920F-84F15ADA0344}
		{6D035F36-672F-4987-8331-C4F9991519AF} = {0EF35581-2B47-447B-920F-84F15ADA0344}
		{26DEAA3C-B1F3-44A2-AB0A-4A4D0AE7B58F} = {0EF35581-2B47-447B-920F-84F15ADA0344}
		{8B18F582-AC96-4195-9575-51F2BF8CB316} = {0EF35581-2B47-447B-920F-84F15ADA0344}
		{576B80FB-8F1D-4371-846B-CB92B22983A6} = {0EF35581-2B47-447B-920F-84F15ADA0344}
		{85D5D3D6-992F-43AF-9F07-AEBC334A550B} = {0EF35581-2B47-447B-920F-84F15ADA0344}
		{16C80547-706D-4386-95A2-83A05F9F0937} = {0EF35581-2B47-447B-920F-84F15ADA0344}
		{448B7D6C-6FF2-4DCC-A3F7-C629133DC7D1} = {0EF35581-2B47-447B-920F-84F15ADA0344}
		{2F77C7E6-D9BE-4E7D-A912-006167029A9E} = {0EF35581-2B47-447B-920F-84F15ADA0344}
		{8ADB3022-809D-4BCE-A109-B91294F6B689} = {0EF35581-2B47-447B-920F-84F15ADA0344}
		{71912886-1A16-443C-B658-8AF80C3B8B25} = {89A840DF-0871-488A-9307-FF0B7499968C}
	EndGlobalSection
	GlobalSection(ExtensibilityGlobals) = postSolution
		SolutionGuid = {5CE78105-26BE-4A3C-BC9C-DC12684A9BA0}
	EndGlobalSection
EndGlobal
